github.com/google/shlex v0.0.0-20191202100458-e7afc7fbc510 h1:El6M4kTTCOh6aBiKaUGG7oYTSPP8MxqL4YI3kZKwcP4=
github.com/google/shlex v0.0.0-20191202100458-e7afc7fbc510/go.mod h1:pupxD2MaaD3pAXIBCelhxNneeOaAeabZDe5s4K6zSpQ=
tinygo.org/x/drivers v0.28.1-0.20241027232331-f12454d4f7be h1:cIDFZYnZQSjzvw1LEht5Av1YZ2Aw6mJuNH31l+uIAv0=
tinygo.org/x/drivers v0.28.1-0.20241027232331-f12454d4f7be/go.mod h1:q/mU8G/wz821p8xXqbkBACOlmZFDHXd//DnYnCW+dDQ=
tinygo.org/x/tinyfont v0.4.0 h1:XexPKEKiHInf6p4CMCJwsIheVPY0T46HUs6ictYyZfE=
tinygo.org/x/tinyfont v0.4.0/go.mod h1:7nVj3j3geqBoPDzpFukAhF1C8AP9YocMsZy0HSAcGCA=
